
Microsoft Visual Studio Solution File, Format Version 12.00
# Visual Studio Version 16
VisualStudioVersion = 16.0.31424.327
MinimumVisualStudioVersion = 10.0.40219.1
Project("{FAE04EC0-301F-11D3-BF4B-00C04F79EFBC}") = "State", "State\State.csproj", "{CFADEF2B-2C83-4E9A-8665-BED498F45DB6}"
EndProject
Global
	GlobalSection(SolutionConfigurationPlatforms) = preSolution
		Debug|Any CPU = Debug|Any CPU
		Release|Any CPU = Release|Any CPU
	EndGlobalSection
	GlobalSection(ProjectConfigurationPlatforms) = postSolution
		{CFADEF2B-2C83-4E9A-8665-BED498F45DB6}.Debug|Any CPU.ActiveCfg = Debug|Any CPU
		{CFADEF2B-2C83-4E9A-8665-BED498F45DB6}.Debug|Any CPU.Build.0 = Debug|Any CPU
		{CFADEF2B-2C83-4E9A-8665-BED498F45DB6}.Release|Any CPU.ActiveCfg = Release|Any CPU
		{CFADEF2B-2C83-4E9A-8665-BED498F45DB6}.Release|Any CPU.Build.0 = Release|Any CPU
	EndGlobalSection
	GlobalSection(SolutionProperties) = preSolution
		HideSolutionNode = FALSE
	EndGlobalSection
	GlobalSection(ExtensibilityGlobals) = postSolution
		SolutionGuid = {9E2A3698-0667-481A-8015-6F339BD74A35}
	EndGlobalSection
EndGlobal
